// !$*UTF8*$!
{
	archiveVersion = 1;
	classes = {
	};
	objectVersion = 48;
	objects = {

/* Begin PBXBuildFile section */
		EE4B56C41F93902E004FD611 /* Notifications.swift in Sources */ = {isa = PBXBuildFile; fileRef = EE4B56C31F93902E004FD611 /* Notifications.swift */; };
		EE4E4DB01F924596005D60EF /* BeaconManager.swift in Sources */ = {isa = PBXBuildFile; fileRef = EE254FC51F923C550061248F /* BeaconManager.swift */; };
		EE4E4DB11F924596005D60EF /* RESTClient.swift in Sources */ = {isa = PBXBuildFile; fileRef = EE254FC41F923C550061248F /* RESTClient.swift */; };
		EE99DF4F1F912895005E2087 /* ProfileViewController.swift in Sources */ = {isa = PBXBuildFile; fileRef = EE99DF4E1F912895005E2087 /* ProfileViewController.swift */; };
		EE99DF541F920757005E2087 /* ProfileTableViewCell.swift in Sources */ = {isa = PBXBuildFile; fileRef = EE99DF531F920757005E2087 /* ProfileTableViewCell.swift */; };
		EED228CB1F90C324001B9A0A /* AppDelegate.swift in Sources */ = {isa = PBXBuildFile; fileRef = EED228CA1F90C324001B9A0A /* AppDelegate.swift */; };
		EED228CD1F90C324001B9A0A /* MainViewController.swift in Sources */ = {isa = PBXBuildFile; fileRef = EED228CC1F90C324001B9A0A /* MainViewController.swift */; };
		EED228D01F90C324001B9A0A /* Main.storyboard in Resources */ = {isa = PBXBuildFile; fileRef = EED228CE1F90C324001B9A0A /* Main.storyboard */; };
		EED228D21F90C324001B9A0A /* Assets.xcassets in Resources */ = {isa = PBXBuildFile; fileRef = EED228D11F90C324001B9A0A /* Assets.xcassets */; };
		EED228D51F90C324001B9A0A /* LaunchScreen.storyboard in Resources */ = {isa = PBXBuildFile; fileRef = EED228D31F90C324001B9A0A /* LaunchScreen.storyboard */; };
		EEF9AA151F922AF60040FDD8 /* ProfileMenuItem.swift in Sources */ = {isa = PBXBuildFile; fileRef = EEF9AA141F922AF60040FDD8 /* ProfileMenuItem.swift */; };
/* End PBXBuildFile section */

/* Begin PBXFileReference section */
		EE254FC41F923C550061248F /* RESTClient.swift */ = {isa = PBXFileReference; lastKnownFileType = sourcecode.swift; name = RESTClient.swift; path = Receiver/Handlers/RESTClient.swift; sourceTree = SOURCE_ROOT; };
		EE254FC51F923C550061248F /* BeaconManager.swift */ = {isa = PBXFileReference; lastKnownFileType = sourcecode.swift; name = BeaconManager.swift; path = Receiver/Handlers/BeaconManager.swift; sourceTree = SOURCE_ROOT; };
		EE4B56C31F93902E004FD611 /* Notifications.swift */ = {isa = PBXFileReference; lastKnownFileType = sourcecode.swift; path = Notifications.swift; sourceTree = "<group>"; };
		EE99DF4E1F912895005E2087 /* ProfileViewController.swift */ = {isa = PBXFileReference; lastKnownFileType = sourcecode.swift; path = ProfileViewController.swift; sourceTree = "<group>"; };
		EE99DF531F920757005E2087 /* ProfileTableViewCell.swift */ = {isa = PBXFileReference; lastKnownFileType = sourcecode.swift; path = ProfileTableViewCell.swift; sourceTree = "<group>"; };
		EED228C71F90C324001B9A0A /* Receiver.app */ = {isa = PBXFileReference; explicitFileType = wrapper.application; includeInIndex = 0; path = Receiver.app; sourceTree = BUILT_PRODUCTS_DIR; };
		EED228CA1F90C324001B9A0A /* AppDelegate.swift */ = {isa = PBXFileReference; lastKnownFileType = sourcecode.swift; path = AppDelegate.swift; sourceTree = "<group>"; };
		EED228CC1F90C324001B9A0A /* MainViewController.swift */ = {isa = PBXFileReference; lastKnownFileType = sourcecode.swift; path = MainViewController.swift; sourceTree = "<group>"; };
		EED228CF1F90C324001B9A0A /* Base */ = {isa = PBXFileReference; lastKnownFileType = file.storyboard; name = Base; path = Base.lproj/Main.storyboard; sourceTree = "<group>"; };
		EED228D11F90C324001B9A0A /* Assets.xcassets */ = {isa = PBXFileReference; lastKnownFileType = folder.assetcatalog; path = Assets.xcassets; sourceTree = "<group>"; };
		EED228D41F90C324001B9A0A /* Base */ = {isa = PBXFileReference; lastKnownFileType = file.storyboard; name = Base; path = Base.lproj/LaunchScreen.storyboard; sourceTree = "<group>"; };
		EED228D61F90C324001B9A0A /* Info.plist */ = {isa = PBXFileReference; lastKnownFileType = text.plist.xml; path = Info.plist; sourceTree = "<group>"; };
		EEF9AA141F922AF60040FDD8 /* ProfileMenuItem.swift */ = {isa = PBXFileReference; lastKnownFileType = sourcecode.swift; path = ProfileMenuItem.swift; sourceTree = "<group>"; };
/* End PBXFileReference section */

/* Begin PBXFrameworksBuildPhase section */
		EED228C41F90C324001B9A0A /* Frameworks */ = {
			isa = PBXFrameworksBuildPhase;
			buildActionMask = 2147483647;
			files = (
			);
			runOnlyForDeploymentPostprocessing = 0;
		};
/* End PBXFrameworksBuildPhase section */

/* Begin PBXGroup section */
		EE254FC31F923C440061248F /* Handlers */ = {
			isa = PBXGroup;
			children = (
				EE4B56C31F93902E004FD611 /* Notifications.swift */,
				EE254FC51F923C550061248F /* BeaconManager.swift */,
				EE254FC41F923C550061248F /* RESTClient.swift */,
			);
			path = Handlers;
			sourceTree = "<group>";
		};
		EE99DF521F920717005E2087 /* Views */ = {
			isa = PBXGroup;
			children = (
				EE99DF531F920757005E2087 /* ProfileTableViewCell.swift */,
			);
			path = Views;
			sourceTree = "<group>";
		};
		EED228BE1F90C324001B9A0A = {
			isa = PBXGroup;
			children = (
				EED228C91F90C324001B9A0A /* Receiver */,
				EED228C81F90C324001B9A0A /* Products */,
			);
			sourceTree = "<group>";
		};
		EED228C81F90C324001B9A0A /* Products */ = {
			isa = PBXGroup;
			children = (
				EED228C71F90C324001B9A0A /* Receiver.app */,
			);
			name = Products;
			sourceTree = "<group>";
		};
		EED228C91F90C324001B9A0A /* Receiver */ = {
			isa = PBXGroup;
			children = (
				EED228CA1F90C324001B9A0A /* AppDelegate.swift */,
				EED228DF1F90CD65001B9A0A /* ViewControllers */,
				EEF9AA131F922ACE0040FDD8 /* Models */,
				EE99DF521F920717005E2087 /* Views */,
				EE254FC31F923C440061248F /* Handlers */,
				EED228CE1F90C324001B9A0A /* Main.storyboard */,
				EED228D11F90C324001B9A0A /* Assets.xcassets */,
				EED228D31F90C324001B9A0A /* LaunchScreen.storyboard */,
				EED228D61F90C324001B9A0A /* Info.plist */,
			);
			path = Receiver;
			sourceTree = "<group>";
		};
		EED228DF1F90CD65001B9A0A /* ViewControllers */ = {
			isa = PBXGroup;
			children = (
				EED228CC1F90C324001B9A0A /* MainViewController.swift */,
				EE99DF4E1F912895005E2087 /* ProfileViewController.swift */,
			);
			path = ViewControllers;
			sourceTree = "<group>";
		};
		EEF9AA131F922ACE0040FDD8 /* Models */ = {
			isa = PBXGroup;
			children = (
				EEF9AA141F922AF60040FDD8 /* ProfileMenuItem.swift */,
			);
			path = Models;
			sourceTree = "<group>";
		};
/* End PBXGroup section */

/* Begin PBXNativeTarget section */
		EED228C61F90C324001B9A0A /* Receiver */ = {
			isa = PBXNativeTarget;
			buildConfigurationList = EED228D91F90C324001B9A0A /* Build configuration list for PBXNativeTarget "Receiver" */;
			buildPhases = (
				EED228C31F90C324001B9A0A /* Sources */,
				EED228C41F90C324001B9A0A /* Frameworks */,
				EED228C51F90C324001B9A0A /* Resources */,
			);
			buildRules = (
			);
			dependencies = (
			);
			name = Receiver;
			productName = Receiver;
			productReference = EED228C71F90C324001B9A0A /* Receiver.app */;
			productType = "com.apple.product-type.application";
		};
/* End PBXNativeTarget section */

/* Begin PBXProject section */
		EED228BF1F90C324001B9A0A /* Project object */ = {
			isa = PBXProject;
			attributes = {
				LastSwiftUpdateCheck = 0900;
				LastUpgradeCheck = 0900;
				ORGANIZATIONNAME = "Mirko Babic";
				TargetAttributes = {
					EED228C61F90C324001B9A0A = {
						CreatedOnToolsVersion = 9.0;
						ProvisioningStyle = Automatic;
					};
				};
			};
			buildConfigurationList = EED228C21F90C324001B9A0A /* Build configuration list for PBXProject "Receiver" */;
			compatibilityVersion = "Xcode 8.0";
			developmentRegion = en;
			hasScannedForEncodings = 0;
			knownRegions = (
				en,
				Base,
			);
			mainGroup = EED228BE1F90C324001B9A0A;
			productRefGroup = EED228C81F90C324001B9A0A /* Products */;
			projectDirPath = "";
			projectRoot = "";
			targets = (
				EED228C61F90C324001B9A0A /* Receiver */,
			);
		};
/* End PBXProject section */

/* Begin PBXResourcesBuildPhase section */
		EED228C51F90C324001B9A0A /* Resources */ = {
			isa = PBXResourcesBuildPhase;
			buildActionMask = 2147483647;
			files = (
				EED228D51F90C324001B9A0A /* LaunchScreen.storyboard in Resources */,
				EED228D21F90C324001B9A0A /* Assets.xcassets in Resources */,
				EED228D01F90C324001B9A0A /* Main.storyboard in Resources */,
			);
			runOnlyForDeploymentPostprocessing = 0;
		};
/* End PBXResourcesBuildPhase section */

/* Begin PBXSourcesBuildPhase section */
		EED228C31F90C324001B9A0A /* Sources */ = {
			isa = PBXSourcesBuildPhase;
			buildActionMask = 2147483647;
			files = (
				EE4B56C41F93902E004FD611 /* Notifications.swift in Sources */,
				EE4E4DB01F924596005D60EF /* BeaconManager.swift in Sources */,
				EE4E4DB11F924596005D60EF /* RESTClient.swift in Sources */,
				EED228CD1F90C324001B9A0A /* MainViewController.swift in Sources */,
				EE99DF541F920757005E2087 /* ProfileTableViewCell.swift in Sources */,
				EE99DF4F1F912895005E2087 /* ProfileViewController.swift in Sources */,
				EEF9AA151F922AF60040FDD8 /* ProfileMenuItem.swift in Sources */,
				EED228CB1F90C324001B9A0A /* AppDelegate.swift in Sources */,
			);
			runOnlyForDeploymentPostprocessing = 0;
		};
/* End PBXSourcesBuildPhase section */

/* Begin PBXVariantGroup section */
		EED228CE1F90C324001B9A0A /* Main.storyboard */ = {
			isa = PBXVariantGroup;
			children = (
				EED228CF1F90C324001B9A0A /* Base */,
			);
			name = Main.storyboard;
			sourceTree = "<group>";
		};
		EED228D31F90C324001B9A0A /* LaunchScreen.storyboard */ = {
			isa = PBXVariantGroup;
			children = (
				EED228D41F90C324001B9A0A /* Base */,
			);
			name = LaunchScreen.storyboard;
			sourceTree = "<group>";
		};
/* End PBXVariantGroup section */

/* Begin XCBuildConfiguration section */
		EED228D71F90C324001B9A0A /* Debug */ = {
			isa = XCBuildConfiguration;
			buildSettings = {
				ALWAYS_SEARCH_USER_PATHS = NO;
				CLANG_ANALYZER_NONNULL = YES;
				CLANG_ANALYZER_NUMBER_OBJECT_CONVERSION = YES_AGGRESSIVE;
				CLANG_CXX_LANGUAGE_STANDARD = "gnu++14";
				CLANG_CXX_LIBRARY = "libc++";
				CLANG_ENABLE_MODULES = YES;
				CLANG_ENABLE_OBJC_ARC = YES;
				CLANG_WARN_BLOCK_CAPTURE_AUTORELEASING = YES;
				CLANG_WARN_BOOL_CONVERSION = YES;
				CLANG_WARN_COMMA = YES;
				CLANG_WARN_CONSTANT_CONVERSION = YES;
				CLANG_WARN_DIRECT_OBJC_ISA_USAGE = YES_ERROR;
				CLANG_WARN_DOCUMENTATION_COMMENTS = YES;
				CLANG_WARN_EMPTY_BODY = YES;
				CLANG_WARN_ENUM_CONVERSION = YES;
				CLANG_WARN_INFINITE_RECURSION = YES;
				CLANG_WARN_INT_CONVERSION = YES;
				CLANG_WARN_NON_LITERAL_NULL_CONVERSION = YES;
				CLANG_WARN_OBJC_LITERAL_CONVERSION = YES;
				CLANG_WARN_OBJC_ROOT_CLASS = YES_ERROR;
				CLANG_WARN_RANGE_LOOP_ANALYSIS = YES;
				CLANG_WARN_STRICT_PROTOTYPES = YES;
				CLANG_WARN_SUSPICIOUS_MOVE = YES;
				CLANG_WARN_UNGUARDED_AVAILABILITY = YES_AGGRESSIVE;
				CLANG_WARN_UNREACHABLE_CODE = YES;
				CLANG_WARN__DUPLICATE_METHOD_MATCH = YES;
				CODE_SIGN_IDENTITY = "iPhone Developer";
				COPY_PHASE_STRIP = NO;
				DEBUG_INFORMATION_FORMAT = dwarf;
				ENABLE_STRICT_OBJC_MSGSEND = YES;
				ENABLE_TESTABILITY = YES;
				GCC_C_LANGUAGE_STANDARD = gnu11;
				GCC_DYNAMIC_NO_PIC = NO;
				GCC_NO_COMMON_BLOCKS = YES;
				GCC_OPTIMIZATION_LEVEL = 0;
				GCC_PREPROCESSOR_DEFINITIONS = (
					"DEBUG=1",
					"$(inherited)",
				);
				GCC_WARN_64_TO_32_BIT_CONVERSION = YES;
				GCC_WARN_ABOUT_RETURN_TYPE = YES_ERROR;
				GCC_WARN_UNDECLARED_SELECTOR = YES;
				GCC_WARN_UNINITIALIZED_AUTOS = YES_AGGRESSIVE;
				GCC_WARN_UNUSED_FUNCTION = YES;
				GCC_WARN_UNUSED_VARIABLE = YES;
				IPHONEOS_DEPLOYMENT_TARGET = 11.0;
				MTL_ENABLE_DEBUG_INFO = YES;
				ONLY_ACTIVE_ARCH = YES;
				SDKROOT = iphoneos;
				SWIFT_ACTIVE_COMPILATION_CONDITIONS = DEBUG;
				SWIFT_OPTIMIZATION_LEVEL = "-Onone";
			};
			name = Debug;
		};
		EED228D81F90C324001B9A0A /* Release */ = {
			isa = XCBuildConfiguration;
			buildSettings = {
				ALWAYS_SEARCH_USER_PATHS = NO;
				CLANG_ANALYZER_NONNULL = YES;
				CLANG_ANALYZER_NUMBER_OBJECT_CONVERSION = YES_AGGRESSIVE;
				CLANG_CXX_LANGUAGE_STANDARD = "gnu++14";
				CLANG_CXX_LIBRARY = "libc++";
				CLANG_ENABLE_MODULES = YES;
				CLANG_ENABLE_OBJC_ARC = YES;
				CLANG_WARN_BLOCK_CAPTURE_AUTORELEASING = YES;
				CLANG_WARN_BOOL_CONVERSION = YES;
				CLANG_WARN_COMMA = YES;
				CLANG_WARN_CONSTANT_CONVERSION = YES;
				CLANG_WARN_DIRECT_OBJC_ISA_USAGE = YES_ERROR;
				CLANG_WARN_DOCUMENTATION_COMMENTS = YES;
				CLANG_WARN_EMPTY_BODY = YES;
				CLANG_WARN_ENUM_CONVERSION = YES;
				CLANG_WARN_INFINITE_RECURSION = YES;
				CLANG_WARN_INT_CONVERSION = YES;
				CLANG_WARN_NON_LITERAL_NULL_CONVERSION = YES;
				CLANG_WARN_OBJC_LITERAL_CONVERSION = YES;
				CLANG_WARN_OBJC_ROOT_CLASS = YES_ERROR;
				CLANG_WARN_RANGE_LOOP_ANALYSIS = YES;
				CLANG_WARN_STRICT_PROTOTYPES = YES;
				CLANG_WARN_SUSPICIOUS_MOVE = YES;
				CLANG_WARN_UNGUARDED_AVAILABILITY = YES_AGGRESSIVE;
				CLANG_WARN_UNREACHABLE_CODE = YES;
				CLANG_WARN__DUPLICATE_METHOD_MATCH = YES;
				CODE_SIGN_IDENTITY = "iPhone Developer";
				COPY_PHASE_STRIP = NO;
				DEBUG_INFORMATION_FORMAT = "dwarf-with-dsym";
				ENABLE_NS_ASSERTIONS = NO;
				ENABLE_STRICT_OBJC_MSGSEND = YES;
				GCC_C_LANGUAGE_STANDARD = gnu11;
				GCC_NO_COMMON_BLOCKS = YES;
				GCC_WARN_64_TO_32_BIT_CONVERSION = YES;
				GCC_WARN_ABOUT_RETURN_TYPE = YES_ERROR;
				GCC_WARN_UNDECLARED_SELECTOR = YES;
				GCC_WARN_UNINITIALIZED_AUTOS = YES_AGGRESSIVE;
				GCC_WARN_UNUSED_FUNCTION = YES;
				GCC_WARN_UNUSED_VARIABLE = YES;
				IPHONEOS_DEPLOYMENT_TARGET = 11.0;
				MTL_ENABLE_DEBUG_INFO = NO;
				SDKROOT = iphoneos;
				SWIFT_OPTIMIZATION_LEVEL = "-Owholemodule";
				VALIDATE_PRODUCT = YES;
			};
			name = Release;
		};
		EED228DA1F90C324001B9A0A /* Debug */ = {
			isa = XCBuildConfiguration;
			buildSettings = {
				ASSETCATALOG_COMPILER_APPICON_NAME = AppIcon;
				CODE_SIGN_STYLE = Automatic;
				DEVELOPMENT_TEAM = F4KEZ533E2;
				INFOPLIST_FILE = Receiver/Info.plist;
				LD_RUNPATH_SEARCH_PATHS = "$(inherited) @executable_path/Frameworks";
				PRODUCT_BUNDLE_IDENTIFIER = com.kisi.Receiver;
				PRODUCT_NAME = "$(TARGET_NAME)";
				SWIFT_VERSION = 4.0;
				TARGETED_DEVICE_FAMILY = 1;
			};
			name = Debug;
		};
		EED228DB1F90C324001B9A0A /* Release */ = {
			isa = XCBuildConfiguration;
			buildSettings = {
				ASSETCATALOG_COMPILER_APPICON_NAME = AppIcon;
				CODE_SIGN_STYLE = Automatic;
				DEVELOPMENT_TEAM = F4KEZ533E2;
				INFOPLIST_FILE = Receiver/Info.plist;
				LD_RUNPATH_SEARCH_PATHS = "$(inherited) @executable_path/Frameworks";
				PRODUCT_BUNDLE_IDENTIFIER = com.kisi.Receiver;
				PRODUCT_NAME = "$(TARGET_NAME)";
				SWIFT_VERSION = 4.0;
				TARGETED_DEVICE_FAMILY = 1;
			};
			name = Release;
		};
/* End XCBuildConfiguration section */

/* Begin XCConfigurationList section */
		EED228C21F90C324001B9A0A /* Build configuration list for PBXProject "Receiver" */ = {
			isa = XCConfigurationList;
			buildConfigurations = (
				EED228D71F90C324001B9A0A /* Debug */,
				EED228D81F90C324001B9A0A /* Release */,
			);
			defaultConfigurationIsVisible = 0;
			defaultConfigurationName = Release;
		};
		EED228D91F90C324001B9A0A /* Build configuration list for PBXNativeTarget "Receiver" */ = {
			isa = XCConfigurationList;
			buildConfigurations = (
				EED228DA1F90C324001B9A0A /* Debug */,
				EED228DB1F90C324001B9A0A /* Release */,
			);
			defaultConfigurationIsVisible = 0;
			defaultConfigurationName = Release;
		};
/* End XCConfigurationList section */
	};
	rootObject = EED228BF1F90C324001B9A0A /* Project object */;
}
